
Microsoft Visual Studio Solution File, Format Version 12.00
# Visual Studio 15
VisualStudioVersion = 15.0.27703.2026
MinimumVisualStudioVersion = 10.0.40219.1
Project("{FAE04EC0-301F-11D3-BF4B-00C04F79EFBC}") = "ConsoleApp1", "ConsoleApp1.csproj", "{61171260-10C1-4C10-A067-91E6EB5C7CBB}"
EndProject
Project("{FAE04EC0-301F-11D3-BF4B-00C04F79EFBC}") = "MyClass", "..\MyClass\MyClass.csproj", "{C1635B6A-610D-40B6-8D60-C4A3ABF0139F}"
EndProject
Project("{FAE04EC0-301F-11D3-BF4B-00C04F79EFBC}") = "Excel", "..\Excel\Excel.csproj", "{6B7E6C8D-001B-4F47-AA9D-616D52C556B8}"
EndProject
Project("{FAE04EC0-301F-11D3-BF4B-00C04F79EFBC}") = "Logs", "..\Logs\Logs.csproj", "{F5FCACCB-AEBF-477D-8BEE-FA6A8627AC03}"
EndProject
Project("{FAE04EC0-301F-11D3-BF4B-00C04F79EFBC}") = "CountriesJSON", "..\CountriesJSON\CountriesJSON.csproj", "{780BFC34-633B-496B-8A07-027FA463B86D}"
EndProject
Project("{9A19103F-16F7-4668-BE54-9A1E7A4F7556}") = "VectorTest", "..\VectorTest\VectorTest.csproj", "{5F2E294D-12FB-469E-80B8-631E2B21C930}"
EndProject
Global
	GlobalSection(SolutionConfigurationPlatforms) = preSolution
		Debug|Any CPU = Debug|Any CPU
		Release|Any CPU = Release|Any CPU
	EndGlobalSection
	GlobalSection(ProjectConfigurationPlatforms) = postSolution
		{61171260-10C1-4C10-A067-91E6EB5C7CBB}.Debug|Any CPU.ActiveCfg = Debug|Any CPU
		{61171260-10C1-4C10-A067-91E6EB5C7CBB}.Debug|Any CPU.Build.0 = Debug|Any CPU
		{61171260-10C1-4C10-A067-91E6EB5C7CBB}.Release|Any CPU.ActiveCfg = Release|Any CPU
		{61171260-10C1-4C10-A067-91E6EB5C7CBB}.Release|Any CPU.Build.0 = Release|Any CPU
		{C1635B6A-610D-40B6-8D60-C4A3ABF0139F}.Debug|Any CPU.ActiveCfg = Debug|Any CPU
		{C1635B6A-610D-40B6-8D60-C4A3ABF0139F}.Debug|Any CPU.Build.0 = Debug|Any CPU
		{C1635B6A-610D-40B6-8D60-C4A3ABF0139F}.Release|Any CPU.ActiveCfg = Release|Any CPU
		{C1635B6A-610D-40B6-8D60-C4A3ABF0139F}.Release|Any CPU.Build.0 = Release|Any CPU
		{6B7E6C8D-001B-4F47-AA9D-616D52C556B8}.Debug|Any CPU.ActiveCfg = Debug|Any CPU
		{6B7E6C8D-001B-4F47-AA9D-616D52C556B8}.Debug|Any CPU.Build.0 = Debug|Any CPU
		{6B7E6C8D-001B-4F47-AA9D-616D52C556B8}.Release|Any CPU.ActiveCfg = Release|Any CPU
		{6B7E6C8D-001B-4F47-AA9D-616D52C556B8}.Release|Any CPU.Build.0 = Release|Any CPU
		{F5FCACCB-AEBF-477D-8BEE-FA6A8627AC03}.Debug|Any CPU.ActiveCfg = Debug|Any CPU
		{F5FCACCB-AEBF-477D-8BEE-FA6A8627AC03}.Debug|Any CPU.Build.0 = Debug|Any CPU
		{F5FCACCB-AEBF-477D-8BEE-FA6A8627AC03}.Release|Any CPU.ActiveCfg = Release|Any CPU
		{F5FCACCB-AEBF-477D-8BEE-FA6A8627AC03}.Release|Any CPU.Build.0 = Release|Any CPU
		{780BFC34-633B-496B-8A07-027FA463B86D}.Debug|Any CPU.ActiveCfg = Debug|Any CPU
		{780BFC34-633B-496B-8A07-027FA463B86D}.Debug|Any CPU.Build.0 = Debug|Any CPU
		{780BFC34-633B-496B-8A07-027FA463B86D}.Release|Any CPU.ActiveCfg = Release|Any CPU
		{780BFC34-633B-496B-8A07-027FA463B86D}.Release|Any CPU.Build.0 = Release|Any CPU
		{5F2E294D-12FB-469E-80B8-631E2B21C930}.Debug|Any CPU.ActiveCfg = Debug|Any CPU
		{5F2E294D-12FB-469E-80B8-631E2B21C930}.Debug|Any CPU.Build.0 = Debug|Any CPU
		{5F2E294D-12FB-469E-80B8-631E2B21C930}.Release|Any CPU.ActiveCfg = Release|Any CPU
		{5F2E294D-12FB-469E-80B8-631E2B21C930}.Release|Any CPU.Build.0 = Release|Any CPU
	EndGlobalSection
	GlobalSection(SolutionProperties) = preSolution
		HideSolutionNode = FALSE
	EndGlobalSection
	GlobalSection(ExtensibilityGlobals) = postSolution
		SolutionGuid = {13473746-79E2-4E1D-B8E5-745BF72485CC}
	EndGlobalSection
EndGlobal
